github.com/deanveloper/modmath v0.0.0-20180521023214-c82838591061 h1:fc4r99SRiiYTTYWkthoD4CsSbpD9gDsMsVAF7hE2sLk=
github.com/deanveloper/modmath v0.0.0-20180521023214-c82838591061/go.mod h1:m/dzNM7O2q22OXlvWp6dN1nQJ5ayvn/0fOBhruSBtss=
github.com/deanveloper/nikola v0.0.0-20180521021810-10f97b4e80f4/go.mod h1:cWWudgg2of8kS7NFKlVn8HWfL+UJpBxeQVsocBL0xWA=
